// !$*UTF8*$!
{
	archiveVersion = 1;
	classes = {
	};
	objectVersion = 51;
	objects = {

/* Begin PBXBuildFile section */
		3670C56BDABF69D1820BC486 /* Pods_Yetda_iOS.framework in Frameworks */ = {isa = PBXBuildFile; fileRef = D0C6060225DE08CA70EEC314 /* Pods_Yetda_iOS.framework */; };
		3A2F483123DDB1C50034C429 /* UIView+.swift in Sources */ = {isa = PBXBuildFile; fileRef = 3A2F483023DDB1C50034C429 /* UIView+.swift */; };
		3A2F483323DDB1EF0034C429 /* UIColor+.swift in Sources */ = {isa = PBXBuildFile; fileRef = 3A2F483223DDB1EF0034C429 /* UIColor+.swift */; };
		3A2F483723DDB26A0034C429 /* QuestionViewController+Layout.swift in Sources */ = {isa = PBXBuildFile; fileRef = 3A2F483623DDB26A0034C429 /* QuestionViewController+Layout.swift */; };
		3A2F483923E537010034C429 /* QuestionViewController+ClickMotion.swift in Sources */ = {isa = PBXBuildFile; fileRef = 3A2F483823E537010034C429 /* QuestionViewController+ClickMotion.swift */; };
		3A2F484123E75BBD0034C429 /* GenderToggleButton.swift in Sources */ = {isa = PBXBuildFile; fileRef = 3A2F484023E75BBD0034C429 /* GenderToggleButton.swift */; };
		3A2F483D23E6DD9A0034C429 /* UIButton+.swift in Sources */ = {isa = PBXBuildFile; fileRef = 3A2F483C23E6DD9A0034C429 /* UIButton+.swift */; };
		3AF6A9BE23C4A72400B588CE /* .swiftlint.yml in Resources */ = {isa = PBXBuildFile; fileRef = 3AF6A9BD23C4A72400B588CE /* .swiftlint.yml */; };
		3AF6A9C223C4AD0300B588CE /* GoogleService-Info.plist in Resources */ = {isa = PBXBuildFile; fileRef = 3AF6A9C123C4AD0300B588CE /* GoogleService-Info.plist */; };
		4C002D7423D0B49E00A1AC91 /* YetdaIntegrator.swift in Sources */ = {isa = PBXBuildFile; fileRef = 4C002D7323D0B49E00A1AC91 /* YetdaIntegrator.swift */; };
		4C002D7723D0B53400A1AC91 /* FIrebaseIntegrator.swift in Sources */ = {isa = PBXBuildFile; fileRef = 4C002D7623D0B53400A1AC91 /* FIrebaseIntegrator.swift */; };
		4C002D7B23D0B9C500A1AC91 /* BaseViewController.swift in Sources */ = {isa = PBXBuildFile; fileRef = 4C002D7A23D0B9C500A1AC91 /* BaseViewController.swift */; };
		FA36BF6523E27E2F00B9F1F5 /* GenderViewController+UIButton.swift in Sources */ = {isa = PBXBuildFile; fileRef = FA36BF6423E27E2F00B9F1F5 /* GenderViewController+UIButton.swift */; };
		FA39047A23E1D5D40096183B /* GenderViewController+UILabel.swift in Sources */ = {isa = PBXBuildFile; fileRef = FA39047923E1D5D40096183B /* GenderViewController+UILabel.swift */; };
		FA85C4C523E1595F0083C550 /* GenderViewController+layout.swift in Sources */ = {isa = PBXBuildFile; fileRef = FA85C4C423E1595F0083C550 /* GenderViewController+layout.swift */; };
		FAA5B41C23DED9520082005E /* GenderViewController.swift in Sources */ = {isa = PBXBuildFile; fileRef = FAA5B41B23DED9520082005E /* GenderViewController.swift */; };
		FAB0FD1B23C4945900674A3E /* AppDelegate.swift in Sources */ = {isa = PBXBuildFile; fileRef = FAB0FD1A23C4945900674A3E /* AppDelegate.swift */; };
		FAB0FD1D23C4945900674A3E /* SceneDelegate.swift in Sources */ = {isa = PBXBuildFile; fileRef = FAB0FD1C23C4945900674A3E /* SceneDelegate.swift */; };
		FAB0FD1F23C4945900674A3E /* StartViewController.swift in Sources */ = {isa = PBXBuildFile; fileRef = FAB0FD1E23C4945900674A3E /* StartViewController.swift */; };
		FAB0FD2223C4945900674A3E /* Main.storyboard in Resources */ = {isa = PBXBuildFile; fileRef = FAB0FD2023C4945900674A3E /* Main.storyboard */; };
		FAB0FD2423C4945A00674A3E /* Assets.xcassets in Resources */ = {isa = PBXBuildFile; fileRef = FAB0FD2323C4945A00674A3E /* Assets.xcassets */; };
		FAB0FD2723C4945A00674A3E /* LaunchScreen.storyboard in Resources */ = {isa = PBXBuildFile; fileRef = FAB0FD2523C4945A00674A3E /* LaunchScreen.storyboard */; };
		FAE165D923D97C2300CEC5F6 /* NameViewController+layout.swift in Sources */ = {isa = PBXBuildFile; fileRef = FAE165D823D97C2300CEC5F6 /* NameViewController+layout.swift */; };
		FAE165DB23D97DDA00CEC5F6 /* NameViewController+TextField.swift in Sources */ = {isa = PBXBuildFile; fileRef = FAE165DA23D97DDA00CEC5F6 /* NameViewController+TextField.swift */; };
		FAEC903723CC84A200010233 /* NameViewController.swift in Sources */ = {isa = PBXBuildFile; fileRef = FAEC903623CC84A200010233 /* NameViewController.swift */; };
		FAEC903923CC84B700010233 /* BirthdayViewController.swift in Sources */ = {isa = PBXBuildFile; fileRef = FAEC903823CC84B700010233 /* BirthdayViewController.swift */; };
		FAEC903B23CC84D600010233 /* PriceViewController.swift in Sources */ = {isa = PBXBuildFile; fileRef = FAEC903A23CC84D600010233 /* PriceViewController.swift */; };
		FAEC903D23CC84E800010233 /* QuestionViewController.swift in Sources */ = {isa = PBXBuildFile; fileRef = FAEC903C23CC84E800010233 /* QuestionViewController.swift */; };
		FAEC903F23CC850000010233 /* ResultViewController.swift in Sources */ = {isa = PBXBuildFile; fileRef = FAEC903E23CC850000010233 /* ResultViewController.swift */; };
		FAECF8B723DADF7200B5DF95 /* BirthDayViewController+layout.swift in Sources */ = {isa = PBXBuildFile; fileRef = FAECF8B623DADF7200B5DF95 /* BirthDayViewController+layout.swift */; };
		FAECF8B923DAEAAF00B5DF95 /* BirthdayViewController+UIPickerView.swift in Sources */ = {isa = PBXBuildFile; fileRef = FAECF8B823DAEAAF00B5DF95 /* BirthdayViewController+UIPickerView.swift */; };
/* End PBXBuildFile section */

/* Begin PBXFileReference section */
		33118D09705F0F5BCD60B00B /* Pods-Yetda_iOS.debug.xcconfig */ = {isa = PBXFileReference; includeInIndex = 1; lastKnownFileType = text.xcconfig; name = "Pods-Yetda_iOS.debug.xcconfig"; path = "Target Support Files/Pods-Yetda_iOS/Pods-Yetda_iOS.debug.xcconfig"; sourceTree = "<group>"; };
		3A2F483023DDB1C50034C429 /* UIView+.swift */ = {isa = PBXFileReference; lastKnownFileType = sourcecode.swift; path = "UIView+.swift"; sourceTree = SOURCE_ROOT; };
		3A2F483223DDB1EF0034C429 /* UIColor+.swift */ = {isa = PBXFileReference; lastKnownFileType = sourcecode.swift; path = "UIColor+.swift"; sourceTree = SOURCE_ROOT; };
		3A2F483623DDB26A0034C429 /* QuestionViewController+Layout.swift */ = {isa = PBXFileReference; lastKnownFileType = sourcecode.swift; path = "QuestionViewController+Layout.swift"; sourceTree = "<group>"; };
		3A2F483823E537010034C429 /* QuestionViewController+ClickMotion.swift */ = {isa = PBXFileReference; lastKnownFileType = sourcecode.swift; path = "QuestionViewController+ClickMotion.swift"; sourceTree = "<group>"; };
		3A2F484023E75BBD0034C429 /* GenderToggleButton.swift */ = {isa = PBXFileReference; lastKnownFileType = sourcecode.swift; path = GenderToggleButton.swift; sourceTree = "<group>"; };
		3A2F483C23E6DD9A0034C429 /* UIButton+.swift */ = {isa = PBXFileReference; lastKnownFileType = sourcecode.swift; name = "UIButton+.swift"; path = "Yetda_iOS/Source/Extension/UIButton+.swift"; sourceTree = SOURCE_ROOT; };
		3AF6A9BD23C4A72400B588CE /* .swiftlint.yml */ = {isa = PBXFileReference; lastKnownFileType = text.yaml; path = .swiftlint.yml; sourceTree = "<group>"; };
		3AF6A9C123C4AD0300B588CE /* GoogleService-Info.plist */ = {isa = PBXFileReference; fileEncoding = 4; lastKnownFileType = text.plist.xml; path = "GoogleService-Info.plist"; sourceTree = "<group>"; };
		4C002D7323D0B49E00A1AC91 /* YetdaIntegrator.swift */ = {isa = PBXFileReference; lastKnownFileType = sourcecode.swift; path = YetdaIntegrator.swift; sourceTree = "<group>"; };
		4C002D7623D0B53400A1AC91 /* FIrebaseIntegrator.swift */ = {isa = PBXFileReference; lastKnownFileType = sourcecode.swift; path = FIrebaseIntegrator.swift; sourceTree = "<group>"; };
		4C002D7A23D0B9C500A1AC91 /* BaseViewController.swift */ = {isa = PBXFileReference; lastKnownFileType = sourcecode.swift; path = BaseViewController.swift; sourceTree = "<group>"; };
		C3D4420E2D72B612ACF68DE6 /* Pods-Yetda_iOS.release.xcconfig */ = {isa = PBXFileReference; includeInIndex = 1; lastKnownFileType = text.xcconfig; name = "Pods-Yetda_iOS.release.xcconfig"; path = "Target Support Files/Pods-Yetda_iOS/Pods-Yetda_iOS.release.xcconfig"; sourceTree = "<group>"; };
		D0C6060225DE08CA70EEC314 /* Pods_Yetda_iOS.framework */ = {isa = PBXFileReference; explicitFileType = wrapper.framework; includeInIndex = 0; path = Pods_Yetda_iOS.framework; sourceTree = BUILT_PRODUCTS_DIR; };
		FA36BF6423E27E2F00B9F1F5 /* GenderViewController+UIButton.swift */ = {isa = PBXFileReference; lastKnownFileType = sourcecode.swift; path = "GenderViewController+UIButton.swift"; sourceTree = "<group>"; };
		FA39047923E1D5D40096183B /* GenderViewController+UILabel.swift */ = {isa = PBXFileReference; lastKnownFileType = sourcecode.swift; path = "GenderViewController+UILabel.swift"; sourceTree = "<group>"; };
		FA85C4C423E1595F0083C550 /* GenderViewController+layout.swift */ = {isa = PBXFileReference; lastKnownFileType = sourcecode.swift; path = "GenderViewController+layout.swift"; sourceTree = "<group>"; };
		FAA5B41B23DED9520082005E /* GenderViewController.swift */ = {isa = PBXFileReference; lastKnownFileType = sourcecode.swift; path = GenderViewController.swift; sourceTree = "<group>"; };
		FAB0FD1723C4945900674A3E /* Yetda_iOS.app */ = {isa = PBXFileReference; explicitFileType = wrapper.application; includeInIndex = 0; path = Yetda_iOS.app; sourceTree = BUILT_PRODUCTS_DIR; };
		FAB0FD1A23C4945900674A3E /* AppDelegate.swift */ = {isa = PBXFileReference; lastKnownFileType = sourcecode.swift; path = AppDelegate.swift; sourceTree = "<group>"; };
		FAB0FD1C23C4945900674A3E /* SceneDelegate.swift */ = {isa = PBXFileReference; lastKnownFileType = sourcecode.swift; path = SceneDelegate.swift; sourceTree = "<group>"; };
		FAB0FD1E23C4945900674A3E /* StartViewController.swift */ = {isa = PBXFileReference; lastKnownFileType = sourcecode.swift; path = StartViewController.swift; sourceTree = "<group>"; };
		FAB0FD2123C4945900674A3E /* Base */ = {isa = PBXFileReference; lastKnownFileType = file.storyboard; name = Base; path = Base.lproj/Main.storyboard; sourceTree = "<group>"; };
		FAB0FD2323C4945A00674A3E /* Assets.xcassets */ = {isa = PBXFileReference; lastKnownFileType = folder.assetcatalog; path = Assets.xcassets; sourceTree = "<group>"; };
		FAB0FD2623C4945A00674A3E /* Base */ = {isa = PBXFileReference; lastKnownFileType = file.storyboard; name = Base; path = Base.lproj/LaunchScreen.storyboard; sourceTree = "<group>"; };
		FAB0FD2823C4945A00674A3E /* Info.plist */ = {isa = PBXFileReference; lastKnownFileType = text.plist.xml; path = Info.plist; sourceTree = "<group>"; };
		FAE165D823D97C2300CEC5F6 /* NameViewController+layout.swift */ = {isa = PBXFileReference; lastKnownFileType = sourcecode.swift; path = "NameViewController+layout.swift"; sourceTree = "<group>"; };
		FAE165DA23D97DDA00CEC5F6 /* NameViewController+TextField.swift */ = {isa = PBXFileReference; lastKnownFileType = sourcecode.swift; path = "NameViewController+TextField.swift"; sourceTree = "<group>"; };
		FAEC903623CC84A200010233 /* NameViewController.swift */ = {isa = PBXFileReference; lastKnownFileType = sourcecode.swift; path = NameViewController.swift; sourceTree = "<group>"; };
		FAEC903823CC84B700010233 /* BirthdayViewController.swift */ = {isa = PBXFileReference; lastKnownFileType = sourcecode.swift; path = BirthdayViewController.swift; sourceTree = "<group>"; };
		FAEC903A23CC84D600010233 /* PriceViewController.swift */ = {isa = PBXFileReference; lastKnownFileType = sourcecode.swift; path = PriceViewController.swift; sourceTree = "<group>"; };
		FAEC903C23CC84E800010233 /* QuestionViewController.swift */ = {isa = PBXFileReference; lastKnownFileType = sourcecode.swift; path = QuestionViewController.swift; sourceTree = "<group>"; };
		FAEC903E23CC850000010233 /* ResultViewController.swift */ = {isa = PBXFileReference; lastKnownFileType = sourcecode.swift; path = ResultViewController.swift; sourceTree = "<group>"; };
		FAECF8B623DADF7200B5DF95 /* BirthDayViewController+layout.swift */ = {isa = PBXFileReference; lastKnownFileType = sourcecode.swift; path = "BirthDayViewController+layout.swift"; sourceTree = "<group>"; };
		FAECF8B823DAEAAF00B5DF95 /* BirthdayViewController+UIPickerView.swift */ = {isa = PBXFileReference; lastKnownFileType = sourcecode.swift; path = "BirthdayViewController+UIPickerView.swift"; sourceTree = "<group>"; };
/* End PBXFileReference section */

/* Begin PBXFrameworksBuildPhase section */
		FAB0FD1423C4945900674A3E /* Frameworks */ = {
			isa = PBXFrameworksBuildPhase;
			buildActionMask = 2147483647;
			files = (
				3670C56BDABF69D1820BC486 /* Pods_Yetda_iOS.framework in Frameworks */,
			);
			runOnlyForDeploymentPostprocessing = 0;
		};
/* End PBXFrameworksBuildPhase section */

/* Begin PBXGroup section */
		3A75F21523D0D09300A73642 /* Extension */ = {
			isa = PBXGroup;
			children = (
				3A2F483023DDB1C50034C429 /* UIView+.swift */,
				3A2F483223DDB1EF0034C429 /* UIColor+.swift */,
				3A2F483C23E6DD9A0034C429 /* UIButton+.swift */,
			);
			path = Extension;
			sourceTree = "<unknown>";
		};
		4C002D6D23D0B2FC00A1AC91 /* Source */ = {
			isa = PBXGroup;
			children = (
				4C002D7223D0B44300A1AC91 /* Common */,
				4C002D6F23D0B31300A1AC91 /* Views */,
				4C002D6E23D0B30800A1AC91 /* Storyboard */,
			);
			path = Source;
			sourceTree = "<group>";
		};
		4C002D6E23D0B30800A1AC91 /* Storyboard */ = {
			isa = PBXGroup;
			children = (
				FAB0FD2023C4945900674A3E /* Main.storyboard */,
				FAB0FD2523C4945A00674A3E /* LaunchScreen.storyboard */,
			);
			path = Storyboard;
			sourceTree = "<group>";
		};
		4C002D6F23D0B31300A1AC91 /* Views */ = {
			isa = PBXGroup;
			children = (
				FAEC902623CC7EFD00010233 /* StartView */,
				FAEC902923CC7F3300010233 /* NameView */,
				FAA5B41A23DED7170082005E /* GenderView */,
				FAEC902C23CC7F5D00010233 /* BirthdayView */,
				FAEC902F23CC7F8200010233 /* PriceView */,
				FAEC903223CC7FAA00010233 /* QuestionView */,
				FAEC903523CC7FC400010233 /* ResultView */,
			);
			path = Views;
			sourceTree = "<group>";
		};
		4C002D7023D0B42100A1AC91 /* Util */ = {
			isa = PBXGroup;
			children = (
				4C002D7323D0B49E00A1AC91 /* YetdaIntegrator.swift */,
				4C002D7623D0B53400A1AC91 /* FIrebaseIntegrator.swift */,
			);
			path = Util;
			sourceTree = "<group>";
		};
		4C002D7223D0B44300A1AC91 /* Common */ = {
			isa = PBXGroup;
			children = (
				4C002D7923D0B9BA00A1AC91 /* Base */,
				4C002D7023D0B42100A1AC91 /* Util */,
			);
			path = Common;
			sourceTree = "<group>";
		};
		4C002D7923D0B9BA00A1AC91 /* Base */ = {
			isa = PBXGroup;
			children = (
				4C002D7A23D0B9C500A1AC91 /* BaseViewController.swift */,
			);
			path = Base;
			sourceTree = "<group>";
		};
		6FB046D1D798E8D5AEB5EC66 /* Frameworks */ = {
			isa = PBXGroup;
			children = (
				D0C6060225DE08CA70EEC314 /* Pods_Yetda_iOS.framework */,
			);
			name = Frameworks;
			sourceTree = "<group>";
		};
		8821F47DE098EAB26FA73907 /* Pods */ = {
			isa = PBXGroup;
			children = (
				33118D09705F0F5BCD60B00B /* Pods-Yetda_iOS.debug.xcconfig */,
				C3D4420E2D72B612ACF68DE6 /* Pods-Yetda_iOS.release.xcconfig */,
			);
			path = Pods;
			sourceTree = "<group>";
		};
		FAA5B41A23DED7170082005E /* GenderView */ = {
			isa = PBXGroup;
			children = (
				FAA5B41B23DED9520082005E /* GenderViewController.swift */,
				FA85C4C423E1595F0083C550 /* GenderViewController+layout.swift */,
				FA39047923E1D5D40096183B /* GenderViewController+UILabel.swift */,
				FA36BF6423E27E2F00B9F1F5 /* GenderViewController+UIButton.swift */,
				3A2F484023E75BBD0034C429 /* GenderToggleButton.swift */,
			);
			path = GenderView;
			sourceTree = "<group>";
		};
		FAB0FD0E23C4945900674A3E = {
			isa = PBXGroup;
			children = (
				3AF6A9BD23C4A72400B588CE /* .swiftlint.yml */,
				FAB0FD1923C4945900674A3E /* Yetda_iOS */,
				FAB0FD1823C4945900674A3E /* Products */,
				8821F47DE098EAB26FA73907 /* Pods */,
				6FB046D1D798E8D5AEB5EC66 /* Frameworks */,
			);
			sourceTree = "<group>";
		};
		FAB0FD1823C4945900674A3E /* Products */ = {
			isa = PBXGroup;
			children = (
				FAB0FD1723C4945900674A3E /* Yetda_iOS.app */,
			);
			name = Products;
			sourceTree = "<group>";
		};
		FAB0FD1923C4945900674A3E /* Yetda_iOS */ = {
			isa = PBXGroup;
			children = (
				4C002D6D23D0B2FC00A1AC91 /* Source */,
				3AF6A9C123C4AD0300B588CE /* GoogleService-Info.plist */,
				FAB0FD1A23C4945900674A3E /* AppDelegate.swift */,
				FAB0FD1C23C4945900674A3E /* SceneDelegate.swift */,
				3A75F21523D0D09300A73642 /* Extension */,
				FAB0FD2323C4945A00674A3E /* Assets.xcassets */,
				FAB0FD2823C4945A00674A3E /* Info.plist */,
			);
			path = Yetda_iOS;
			sourceTree = "<group>";
		};
		FAEC902623CC7EFD00010233 /* StartView */ = {
			isa = PBXGroup;
			children = (
				FAB0FD1E23C4945900674A3E /* StartViewController.swift */,
			);
			path = StartView;
			sourceTree = "<group>";
		};
		FAEC902923CC7F3300010233 /* NameView */ = {
			isa = PBXGroup;
			children = (
				FAEC903623CC84A200010233 /* NameViewController.swift */,
				FAE165D823D97C2300CEC5F6 /* NameViewController+layout.swift */,
				FAE165DA23D97DDA00CEC5F6 /* NameViewController+TextField.swift */,
			);
			path = NameView;
			sourceTree = "<group>";
		};
		FAEC902C23CC7F5D00010233 /* BirthdayView */ = {
			isa = PBXGroup;
			children = (
				FAEC903823CC84B700010233 /* BirthdayViewController.swift */,
				FAECF8B623DADF7200B5DF95 /* BirthDayViewController+layout.swift */,
				FAECF8B823DAEAAF00B5DF95 /* BirthdayViewController+UIPickerView.swift */,
			);
			path = BirthdayView;
			sourceTree = "<group>";
		};
		FAEC902F23CC7F8200010233 /* PriceView */ = {
			isa = PBXGroup;
			children = (
				FAEC903A23CC84D600010233 /* PriceViewController.swift */,
			);
			path = PriceView;
			sourceTree = "<group>";
		};
		FAEC903223CC7FAA00010233 /* QuestionView */ = {
			isa = PBXGroup;
			children = (
				FAEC903C23CC84E800010233 /* QuestionViewController.swift */,
				3A2F483623DDB26A0034C429 /* QuestionViewController+Layout.swift */,
				3A2F483823E537010034C429 /* QuestionViewController+ClickMotion.swift */,
			);
			path = QuestionView;
			sourceTree = "<group>";
		};
		FAEC903523CC7FC400010233 /* ResultView */ = {
			isa = PBXGroup;
			children = (
				FAEC903E23CC850000010233 /* ResultViewController.swift */,
			);
			path = ResultView;
			sourceTree = "<group>";
		};
/* End PBXGroup section */

/* Begin PBXNativeTarget section */
		FAB0FD1623C4945900674A3E /* Yetda_iOS */ = {
			isa = PBXNativeTarget;
			buildConfigurationList = FAB0FD2B23C4945A00674A3E /* Build configuration list for PBXNativeTarget "Yetda_iOS" */;
			buildPhases = (
				E92FD64C68C52DB6AE5B81CF /* [CP] Check Pods Manifest.lock */,
				FAB0FD1323C4945900674A3E /* Sources */,
				FAB0FD1423C4945900674A3E /* Frameworks */,
				FAB0FD1523C4945900674A3E /* Resources */,
				FC2F46DD0746366A90AC6BE2 /* [CP] Embed Pods Frameworks */,
				3AF6A9BA23C4A60300B588CE /* ShellScript */,
			);
			buildRules = (
			);
			dependencies = (
			);
			name = Yetda_iOS;
			productName = Yetda_iOS;
			productReference = FAB0FD1723C4945900674A3E /* Yetda_iOS.app */;
			productType = "com.apple.product-type.application";
		};
/* End PBXNativeTarget section */

/* Begin PBXProject section */
		FAB0FD0F23C4945900674A3E /* Project object */ = {
			isa = PBXProject;
			attributes = {
				LastSwiftUpdateCheck = 1130;
				LastUpgradeCheck = 1130;
				ORGANIZATIONNAME = Yetda;
				TargetAttributes = {
					FAB0FD1623C4945900674A3E = {
						CreatedOnToolsVersion = 11.3;
					};
				};
			};
			buildConfigurationList = FAB0FD1223C4945900674A3E /* Build configuration list for PBXProject "Yetda_iOS" */;
			compatibilityVersion = "Xcode 9.3";
			developmentRegion = en;
			hasScannedForEncodings = 0;
			knownRegions = (
				en,
				Base,
			);
			mainGroup = FAB0FD0E23C4945900674A3E;
			productRefGroup = FAB0FD1823C4945900674A3E /* Products */;
			projectDirPath = "";
			projectRoot = "";
			targets = (
				FAB0FD1623C4945900674A3E /* Yetda_iOS */,
			);
		};
/* End PBXProject section */

/* Begin PBXResourcesBuildPhase section */
		FAB0FD1523C4945900674A3E /* Resources */ = {
			isa = PBXResourcesBuildPhase;
			buildActionMask = 2147483647;
			files = (
				3AF6A9BE23C4A72400B588CE /* .swiftlint.yml in Resources */,
				FAB0FD2723C4945A00674A3E /* LaunchScreen.storyboard in Resources */,
				3AF6A9C223C4AD0300B588CE /* GoogleService-Info.plist in Resources */,
				FAB0FD2423C4945A00674A3E /* Assets.xcassets in Resources */,
				FAB0FD2223C4945900674A3E /* Main.storyboard in Resources */,
			);
			runOnlyForDeploymentPostprocessing = 0;
		};
/* End PBXResourcesBuildPhase section */

/* Begin PBXShellScriptBuildPhase section */
		3AF6A9BA23C4A60300B588CE /* ShellScript */ = {
			isa = PBXShellScriptBuildPhase;
			buildActionMask = 2147483647;
			files = (
			);
			inputFileListPaths = (
			);
			inputPaths = (
			);
			outputFileListPaths = (
			);
			outputPaths = (
			);
			runOnlyForDeploymentPostprocessing = 0;
			shellPath = /bin/sh;
			shellScript = "# Type a script or drag a script file from your workspace to insert its path.\n${PODS_ROOT}/SwiftLint/swiftlint\n";
		};
		E92FD64C68C52DB6AE5B81CF /* [CP] Check Pods Manifest.lock */ = {
			isa = PBXShellScriptBuildPhase;
			buildActionMask = 2147483647;
			files = (
			);
			inputFileListPaths = (
			);
			inputPaths = (
				"${PODS_PODFILE_DIR_PATH}/Podfile.lock",
				"${PODS_ROOT}/Manifest.lock",
			);
			name = "[CP] Check Pods Manifest.lock";
			outputFileListPaths = (
			);
			outputPaths = (
				"$(DERIVED_FILE_DIR)/Pods-Yetda_iOS-checkManifestLockResult.txt",
			);
			runOnlyForDeploymentPostprocessing = 0;
			shellPath = /bin/sh;
			shellScript = "diff \"${PODS_PODFILE_DIR_PATH}/Podfile.lock\" \"${PODS_ROOT}/Manifest.lock\" > /dev/null\nif [ $? != 0 ] ; then\n    # print error to STDERR\n    echo \"error: The sandbox is not in sync with the Podfile.lock. Run 'pod install' or update your CocoaPods installation.\" >&2\n    exit 1\nfi\n# This output is used by Xcode 'outputs' to avoid re-running this script phase.\necho \"SUCCESS\" > \"${SCRIPT_OUTPUT_FILE_0}\"\n";
			showEnvVarsInLog = 0;
		};
		FC2F46DD0746366A90AC6BE2 /* [CP] Embed Pods Frameworks */ = {
			isa = PBXShellScriptBuildPhase;
			buildActionMask = 2147483647;
			files = (
			);
			inputFileListPaths = (
				"${PODS_ROOT}/Target Support Files/Pods-Yetda_iOS/Pods-Yetda_iOS-frameworks-${CONFIGURATION}-input-files.xcfilelist",
			);
			name = "[CP] Embed Pods Frameworks";
			outputFileListPaths = (
				"${PODS_ROOT}/Target Support Files/Pods-Yetda_iOS/Pods-Yetda_iOS-frameworks-${CONFIGURATION}-output-files.xcfilelist",
			);
			runOnlyForDeploymentPostprocessing = 0;
			shellPath = /bin/sh;
			shellScript = "\"${PODS_ROOT}/Target Support Files/Pods-Yetda_iOS/Pods-Yetda_iOS-frameworks.sh\"\n";
			showEnvVarsInLog = 0;
		};
/* End PBXShellScriptBuildPhase section */

/* Begin PBXSourcesBuildPhase section */
		FAB0FD1323C4945900674A3E /* Sources */ = {
			isa = PBXSourcesBuildPhase;
			buildActionMask = 2147483647;
			files = (
				FAECF8B923DAEAAF00B5DF95 /* BirthdayViewController+UIPickerView.swift in Sources */,
				FAB0FD1F23C4945900674A3E /* StartViewController.swift in Sources */,
				FA39047A23E1D5D40096183B /* GenderViewController+UILabel.swift in Sources */,
				3A2F483723DDB26A0034C429 /* QuestionViewController+Layout.swift in Sources */,
				FAECF8B723DADF7200B5DF95 /* BirthDayViewController+layout.swift in Sources */,
				FA36BF6523E27E2F00B9F1F5 /* GenderViewController+UIButton.swift in Sources */,
				3A2F484123E75BBD0034C429 /* GenderToggleButton.swift in Sources */,
				FA85C4C523E1595F0083C550 /* GenderViewController+layout.swift in Sources */,
				3A2F483D23E6DD9A0034C429 /* UIButton+.swift in Sources */,
				FAEC903723CC84A200010233 /* NameViewController.swift in Sources */,
				3A2F483923E537010034C429 /* QuestionViewController+ClickMotion.swift in Sources */,
				4C002D7B23D0B9C500A1AC91 /* BaseViewController.swift in Sources */,
				FAEC903923CC84B700010233 /* BirthdayViewController.swift in Sources */,
				FAEC903F23CC850000010233 /* ResultViewController.swift in Sources */,
				FAB0FD1B23C4945900674A3E /* AppDelegate.swift in Sources */,
				3A2F483323DDB1EF0034C429 /* UIColor+.swift in Sources */,
				FAEC903B23CC84D600010233 /* PriceViewController.swift in Sources */,
				FAE165D923D97C2300CEC5F6 /* NameViewController+layout.swift in Sources */,
				FAEC903D23CC84E800010233 /* QuestionViewController.swift in Sources */,
				4C002D7423D0B49E00A1AC91 /* YetdaIntegrator.swift in Sources */,
				3A2F483123DDB1C50034C429 /* UIView+.swift in Sources */,
				FAE165DB23D97DDA00CEC5F6 /* NameViewController+TextField.swift in Sources */,
				FAB0FD1D23C4945900674A3E /* SceneDelegate.swift in Sources */,
				4C002D7723D0B53400A1AC91 /* FIrebaseIntegrator.swift in Sources */,
				FAA5B41C23DED9520082005E /* GenderViewController.swift in Sources */,
			);
			runOnlyForDeploymentPostprocessing = 0;
		};
/* End PBXSourcesBuildPhase section */

/* Begin PBXVariantGroup section */
		FAB0FD2023C4945900674A3E /* Main.storyboard */ = {
			isa = PBXVariantGroup;
			children = (
				FAB0FD2123C4945900674A3E /* Base */,
			);
			name = Main.storyboard;
			sourceTree = "<group>";
		};
		FAB0FD2523C4945A00674A3E /* LaunchScreen.storyboard */ = {
			isa = PBXVariantGroup;
			children = (
				FAB0FD2623C4945A00674A3E /* Base */,
			);
			name = LaunchScreen.storyboard;
			sourceTree = "<group>";
		};
/* End PBXVariantGroup section */

/* Begin XCBuildConfiguration section */
		FAB0FD2923C4945A00674A3E /* Debug */ = {
			isa = XCBuildConfiguration;
			buildSettings = {
				ALWAYS_SEARCH_USER_PATHS = NO;
				CLANG_ANALYZER_NONNULL = YES;
				CLANG_ANALYZER_NUMBER_OBJECT_CONVERSION = YES_AGGRESSIVE;
				CLANG_CXX_LANGUAGE_STANDARD = "gnu++14";
				CLANG_CXX_LIBRARY = "libc++";
				CLANG_ENABLE_MODULES = YES;
				CLANG_ENABLE_OBJC_ARC = YES;
				CLANG_ENABLE_OBJC_WEAK = YES;
				CLANG_WARN_BLOCK_CAPTURE_AUTORELEASING = YES;
				CLANG_WARN_BOOL_CONVERSION = YES;
				CLANG_WARN_COMMA = YES;
				CLANG_WARN_CONSTANT_CONVERSION = YES;
				CLANG_WARN_DEPRECATED_OBJC_IMPLEMENTATIONS = YES;
				CLANG_WARN_DIRECT_OBJC_ISA_USAGE = YES_ERROR;
				CLANG_WARN_DOCUMENTATION_COMMENTS = YES;
				CLANG_WARN_EMPTY_BODY = YES;
				CLANG_WARN_ENUM_CONVERSION = YES;
				CLANG_WARN_INFINITE_RECURSION = YES;
				CLANG_WARN_INT_CONVERSION = YES;
				CLANG_WARN_NON_LITERAL_NULL_CONVERSION = YES;
				CLANG_WARN_OBJC_IMPLICIT_RETAIN_SELF = YES;
				CLANG_WARN_OBJC_LITERAL_CONVERSION = YES;
				CLANG_WARN_OBJC_ROOT_CLASS = YES_ERROR;
				CLANG_WARN_RANGE_LOOP_ANALYSIS = YES;
				CLANG_WARN_STRICT_PROTOTYPES = YES;
				CLANG_WARN_SUSPICIOUS_MOVE = YES;
				CLANG_WARN_UNGUARDED_AVAILABILITY = YES_AGGRESSIVE;
				CLANG_WARN_UNREACHABLE_CODE = YES;
				CLANG_WARN__DUPLICATE_METHOD_MATCH = YES;
				COPY_PHASE_STRIP = NO;
				DEBUG_INFORMATION_FORMAT = dwarf;
				ENABLE_STRICT_OBJC_MSGSEND = YES;
				ENABLE_TESTABILITY = YES;
				GCC_C_LANGUAGE_STANDARD = gnu11;
				GCC_DYNAMIC_NO_PIC = NO;
				GCC_NO_COMMON_BLOCKS = YES;
				GCC_OPTIMIZATION_LEVEL = 0;
				GCC_PREPROCESSOR_DEFINITIONS = (
					"DEBUG=1",
					"$(inherited)",
				);
				GCC_WARN_64_TO_32_BIT_CONVERSION = YES;
				GCC_WARN_ABOUT_RETURN_TYPE = YES_ERROR;
				GCC_WARN_UNDECLARED_SELECTOR = YES;
				GCC_WARN_UNINITIALIZED_AUTOS = YES_AGGRESSIVE;
				GCC_WARN_UNUSED_FUNCTION = YES;
				GCC_WARN_UNUSED_VARIABLE = YES;
				IPHONEOS_DEPLOYMENT_TARGET = 13.0;
				MTL_ENABLE_DEBUG_INFO = INCLUDE_SOURCE;
				MTL_FAST_MATH = YES;
				ONLY_ACTIVE_ARCH = YES;
				SDKROOT = iphoneos;
				SWIFT_ACTIVE_COMPILATION_CONDITIONS = DEBUG;
				SWIFT_OPTIMIZATION_LEVEL = "-Onone";
			};
			name = Debug;
		};
		FAB0FD2A23C4945A00674A3E /* Release */ = {
			isa = XCBuildConfiguration;
			buildSettings = {
				ALWAYS_SEARCH_USER_PATHS = NO;
				CLANG_ANALYZER_NONNULL = YES;
				CLANG_ANALYZER_NUMBER_OBJECT_CONVERSION = YES_AGGRESSIVE;
				CLANG_CXX_LANGUAGE_STANDARD = "gnu++14";
				CLANG_CXX_LIBRARY = "libc++";
				CLANG_ENABLE_MODULES = YES;
				CLANG_ENABLE_OBJC_ARC = YES;
				CLANG_ENABLE_OBJC_WEAK = YES;
				CLANG_WARN_BLOCK_CAPTURE_AUTORELEASING = YES;
				CLANG_WARN_BOOL_CONVERSION = YES;
				CLANG_WARN_COMMA = YES;
				CLANG_WARN_CONSTANT_CONVERSION = YES;
				CLANG_WARN_DEPRECATED_OBJC_IMPLEMENTATIONS = YES;
				CLANG_WARN_DIRECT_OBJC_ISA_USAGE = YES_ERROR;
				CLANG_WARN_DOCUMENTATION_COMMENTS = YES;
				CLANG_WARN_EMPTY_BODY = YES;
				CLANG_WARN_ENUM_CONVERSION = YES;
				CLANG_WARN_INFINITE_RECURSION = YES;
				CLANG_WARN_INT_CONVERSION = YES;
				CLANG_WARN_NON_LITERAL_NULL_CONVERSION = YES;
				CLANG_WARN_OBJC_IMPLICIT_RETAIN_SELF = YES;
				CLANG_WARN_OBJC_LITERAL_CONVERSION = YES;
				CLANG_WARN_OBJC_ROOT_CLASS = YES_ERROR;
				CLANG_WARN_RANGE_LOOP_ANALYSIS = YES;
				CLANG_WARN_STRICT_PROTOTYPES = YES;
				CLANG_WARN_SUSPICIOUS_MOVE = YES;
				CLANG_WARN_UNGUARDED_AVAILABILITY = YES_AGGRESSIVE;
				CLANG_WARN_UNREACHABLE_CODE = YES;
				CLANG_WARN__DUPLICATE_METHOD_MATCH = YES;
				COPY_PHASE_STRIP = NO;
				DEBUG_INFORMATION_FORMAT = "dwarf-with-dsym";
				ENABLE_NS_ASSERTIONS = NO;
				ENABLE_STRICT_OBJC_MSGSEND = YES;
				GCC_C_LANGUAGE_STANDARD = gnu11;
				GCC_NO_COMMON_BLOCKS = YES;
				GCC_WARN_64_TO_32_BIT_CONVERSION = YES;
				GCC_WARN_ABOUT_RETURN_TYPE = YES_ERROR;
				GCC_WARN_UNDECLARED_SELECTOR = YES;
				GCC_WARN_UNINITIALIZED_AUTOS = YES_AGGRESSIVE;
				GCC_WARN_UNUSED_FUNCTION = YES;
				GCC_WARN_UNUSED_VARIABLE = YES;
				IPHONEOS_DEPLOYMENT_TARGET = 13.0;
				MTL_ENABLE_DEBUG_INFO = NO;
				MTL_FAST_MATH = YES;
				SDKROOT = iphoneos;
				SWIFT_COMPILATION_MODE = wholemodule;
				SWIFT_OPTIMIZATION_LEVEL = "-O";
				VALIDATE_PRODUCT = YES;
			};
			name = Release;
		};
		FAB0FD2C23C4945A00674A3E /* Debug */ = {
			isa = XCBuildConfiguration;
			baseConfigurationReference = 33118D09705F0F5BCD60B00B /* Pods-Yetda_iOS.debug.xcconfig */;
			buildSettings = {
				ASSETCATALOG_COMPILER_APPICON_NAME = AppIcon;
				CODE_SIGN_STYLE = Automatic;
				DEVELOPMENT_TEAM = 524TVTU6B9;
				INFOPLIST_FILE = Yetda_iOS/Info.plist;
				LD_RUNPATH_SEARCH_PATHS = (
					"$(inherited)",
					"@executable_path/Frameworks",
				);
				PRODUCT_BUNDLE_IDENTIFIER = com.nexters.yetda.ios;
				PRODUCT_NAME = "$(TARGET_NAME)";
				SWIFT_VERSION = 5.0;
				TARGETED_DEVICE_FAMILY = "1,2";
			};
			name = Debug;
		};
		FAB0FD2D23C4945A00674A3E /* Release */ = {
			isa = XCBuildConfiguration;
			baseConfigurationReference = C3D4420E2D72B612ACF68DE6 /* Pods-Yetda_iOS.release.xcconfig */;
			buildSettings = {
				ASSETCATALOG_COMPILER_APPICON_NAME = AppIcon;
				CODE_SIGN_STYLE = Automatic;
				DEVELOPMENT_TEAM = 524TVTU6B9;
				INFOPLIST_FILE = Yetda_iOS/Info.plist;
				LD_RUNPATH_SEARCH_PATHS = (
					"$(inherited)",
					"@executable_path/Frameworks",
				);
				PRODUCT_BUNDLE_IDENTIFIER = com.nexters.yetda.ios;
				PRODUCT_NAME = "$(TARGET_NAME)";
				SWIFT_VERSION = 5.0;
				TARGETED_DEVICE_FAMILY = "1,2";
			};
			name = Release;
		};
/* End XCBuildConfiguration section */

/* Begin XCConfigurationList section */
		FAB0FD1223C4945900674A3E /* Build configuration list for PBXProject "Yetda_iOS" */ = {
			isa = XCConfigurationList;
			buildConfigurations = (
				FAB0FD2923C4945A00674A3E /* Debug */,
				FAB0FD2A23C4945A00674A3E /* Release */,
			);
			defaultConfigurationIsVisible = 0;
			defaultConfigurationName = Release;
		};
		FAB0FD2B23C4945A00674A3E /* Build configuration list for PBXNativeTarget "Yetda_iOS" */ = {
			isa = XCConfigurationList;
			buildConfigurations = (
				FAB0FD2C23C4945A00674A3E /* Debug */,
				FAB0FD2D23C4945A00674A3E /* Release */,
			);
			defaultConfigurationIsVisible = 0;
			defaultConfigurationName = Release;
		};
/* End XCConfigurationList section */
	};
	rootObject = FAB0FD0F23C4945900674A3E /* Project object */;
}
